
Microsoft Visual Studio Solution File, Format Version 12.00
# Visual Studio Version 17
VisualStudioVersion = 17.6.33801.468
MinimumVisualStudioVersion = 10.0.40219.1
Project("{FAE04EC0-301F-11D3-BF4B-00C04F79EFBC}") = "WindowsFormsAppClient", "WindowsFormsAppClient.csproj", "{975E557B-D669-49F8-BB32-4CB8D0582CEF}"
EndProject
Global
	GlobalSection(SolutionConfigurationPlatforms) = preSolution
		Debug|Any CPU = Debug|Any CPU
		Release|Any CPU = Release|Any CPU
	EndGlobalSection
	GlobalSection(ProjectConfigurationPlatforms) = postSolution
		{975E557B-D669-49F8-BB32-4CB8D0582CEF}.Debug|Any CPU.ActiveCfg = Debug|Any CPU
		{975E557B-D669-49F8-BB32-4CB8D0582CEF}.Debug|Any CPU.Build.0 = Debug|Any CPU
		{975E557B-D669-49F8-BB32-4CB8D0582CEF}.Release|Any CPU.ActiveCfg = Release|Any CPU
		{975E557B-D669-49F8-BB32-4CB8D0582CEF}.Release|Any CPU.Build.0 = Release|Any CPU
	EndGlobalSection
	GlobalSection(SolutionProperties) = preSolution
		HideSolutionNode = FALSE
	EndGlobalSection
	GlobalSection(ExtensibilityGlobals) = postSolution
		SolutionGuid = {E9DA1E8D-40FD-4947-9FC8-52CAF1B415EB}
	EndGlobalSection
EndGlobal
